<?xml version="1.0" encoding="utf-8"?>
<Project ToolsVersion="4.0" xmlns="http://schemas.microsoft.com/developer/msbuild/2003">
  <ItemGroup>
    <ClInclude Include="common\common.h">
      <Filter>MathUtils</Filter>
    </ClInclude>
    <ClInclude Include="common\Matrix3x3.h">
      <Filter>MathUtils</Filter>
    </ClInclude>
    <ClInclude Include="common\Matrix4x4.h">
      <Filter>MathUtils</Filter>
    </ClInclude>
    <ClInclude Include="common\tools.h">
      <Filter>MathUtils</Filter>
    </ClInclude>
    <ClInclude Include="common\Vector3.h">
      <Filter>MathUtils</Filter>
    </ClInclude>
    <ClInclude Include="common\Vector4.h">
      <Filter>MathUtils</Filter>
    </ClInclude>
    <ClInclude Include="src\pgr2model.h">
      <Filter>Scene</Filter>
    </ClInclude>
    <ClInclude Include="src\SceneModel.h">
      <Filter>Scene</Filter>
    </ClInclude>
    <ClInclude Include="src\Terrain.h">
      <Filter>Scene</Filter>
    </ClInclude>
    <ClInclude Include="src\settings.h" />
    <ClInclude Include="src\IniSettings.h">
      <Filter>IOfiles</Filter>
    </ClInclude>
    <ClInclude Include="common\png.h">
      <Filter>IOfiles</Filter>
    </ClInclude>
    <ClInclude Include="common\LODEpng\lodepng.h">
      <Filter>IOfiles</Filter>
    </ClInclude>
    <ClInclude Include="src\BBox.h">
      <Filter>Core</Filter>
    </ClInclude>
    <ClInclude Include="src\Camera.h">
      <Filter>Core</Filter>
    </ClInclude>
    <ClInclude Include="common\models\cube.h">
      <Filter>MathUtils</Filter>
    </ClInclude>
    <ClInclude Include="src\utils.h">
      <Filter>MathUtils</Filter>
    </ClInclude>
    <ClInclude Include="src\World.h" />
    <ClInclude Include="src\math.h">
      <Filter>MathUtils</Filter>
    </ClInclude>
    <ClInclude Include="src\TextureManager.h">
      <Filter>Core</Filter>
    </ClInclude>
    <ClInclude Include="src\Texture.h">
      <Filter>Core</Filter>
    </ClInclude>
    <ClInclude Include="src\Shader.h">
      <Filter>Core</Filter>
    </ClInclude>
    <ClInclude Include="src\ioutils.h">
      <Filter>IOfiles</Filter>
    </ClInclude>
    <ClInclude Include="src\Grass.h">
      <Filter>Scene\Vegetation</Filter>
    </ClInclude>
    <ClInclude Include="src\Vegetation.h">
      <Filter>Scene\Vegetation</Filter>
    </ClInclude>
    <ClInclude Include="src\Planter.h">
      <Filter>Scene\Vegetation</Filter>
    </ClInclude>
    <ClInclude Include="common\Vector2.h">
      <Filter>MathUtils</Filter>
    </ClInclude>
    <ClInclude Include="src\globals.h" />
    <ClInclude Include="common\timer.h">
      <Filter>MathUtils</Filter>
    </ClInclude>
    <ClInclude Include="src\WaterSurface.h">
      <Filter>Scene</Filter>
    </ClInclude>
    <ClInclude Include="src\ShaderManager.h">
      <Filter>Core</Filter>
    </ClInclude>
    <ClInclude Include="src\Tree1.h">
      <Filter>Scene\Vegetation</Filter>
    </ClInclude>
    <ClInclude Include="src\Fog.h">
      <Filter>Scene\Atmosphere</Filter>
    </ClInclude>
    <ClInclude Include="src\Light.h">
      <Filter>Scene\Atmosphere</Filter>
    </ClInclude>
    <ClInclude Include="src\SkyBox.h">
      <Filter>Scene\Atmosphere</Filter>
    </ClInclude>
    <ClInclude Include="src\GodRays.h">
      <Filter>Scene\Atmosphere</Filter>
    </ClInclude>
    <ClInclude Include="src\Tree2.h">
      <Filter>Scene\Vegetation</Filter>
    </ClInclude>
    <ClInclude Include="src\LODmodel.h">
      <Filter>Scene</Filter>
    </ClInclude>
  </ItemGroup>
  <ItemGroup>
    <Filter Include="Scene">
      <UniqueIdentifier>{ea334075-b016-4383-a7fe-02cd27856f44}</UniqueIdentifier>
    </Filter>
    <Filter Include="Shaders">
      <UniqueIdentifier>{c78b8342-4a38-4985-95d3-b3528e96abb5}</UniqueIdentifier>
    </Filter>
    <Filter Include="MathUtils">
      <UniqueIdentifier>{777a7ee6-12e3-43e9-8e85-9cec4a3e1af9}</UniqueIdentifier>
    </Filter>
    <Filter Include="IOfiles">
      <UniqueIdentifier>{583da79f-00a7-442b-bafe-482b203a317e}</UniqueIdentifier>
    </Filter>
    <Filter Include="inis">
      <UniqueIdentifier>{4e773305-477a-4456-9a4d-a809c56354e9}</UniqueIdentifier>
    </Filter>
    <Filter Include="Core">
      <UniqueIdentifier>{b79f5d01-3772-4efc-a3a3-8b651143d496}</UniqueIdentifier>
    </Filter>
    <Filter Include="Scene\Vegetation">
      <UniqueIdentifier>{c3fcf724-e6d3-4202-8ae7-ffb42d391303}</UniqueIdentifier>
    </Filter>
    <Filter Include="Scene\Atmosphere">
      <UniqueIdentifier>{33a023e1-68ac-4acf-91f3-db961ad1ddb8}</UniqueIdentifier>
    </Filter>
    <Filter Include="Scene\Vegetation\AdvTree">
      <UniqueIdentifier>{08001247-cfce-441b-a527-2a15df92ed96}</UniqueIdentifier>
    </Filter>
  </ItemGroup>
  <ItemGroup>
    <ClCompile Include="src\pgr2model.cpp">
      <Filter>Scene</Filter>
    </ClCompile>
    <ClCompile Include="src\SceneModel.cpp">
      <Filter>Scene</Filter>
    </ClCompile>
    <ClCompile Include="src\main.cpp" />
    <ClCompile Include="src\Terrain.cpp">
      <Filter>Scene</Filter>
    </ClCompile>
    <ClCompile Include="src\IniSettings.cpp">
      <Filter>IOfiles</Filter>
    </ClCompile>
    <ClCompile Include="common\png.cpp">
      <Filter>IOfiles</Filter>
    </ClCompile>
    <ClCompile Include="common\LODEpng\lodepng.cpp">
      <Filter>IOfiles</Filter>
    </ClCompile>
    <ClCompile Include="src\BBox.cpp">
      <Filter>Core</Filter>
    </ClCompile>
    <ClCompile Include="src\Camera.cpp">
      <Filter>Core</Filter>
    </ClCompile>
    <ClCompile Include="src\World.cpp" />
    <ClCompile Include="src\TextureManager.cpp">
      <Filter>Core</Filter>
    </ClCompile>
    <ClCompile Include="src\Texture.cpp">
      <Filter>Core</Filter>
    </ClCompile>
    <ClCompile Include="src\Shader.cpp">
      <Filter>Core</Filter>
    </ClCompile>
    <ClCompile Include="src\ioutils.cpp">
      <Filter>IOfiles</Filter>
    </ClCompile>
    <ClCompile Include="src\Grass.cpp">
      <Filter>Scene\Vegetation</Filter>
    </ClCompile>
    <ClCompile Include="src\Vegetation.cpp">
      <Filter>Scene\Vegetation</Filter>
    </ClCompile>
    <ClCompile Include="src\Planter.cpp">
      <Filter>Scene\Vegetation</Filter>
    </ClCompile>
    <ClCompile Include="common\timer.cpp">
      <Filter>MathUtils</Filter>
    </ClCompile>
    <ClCompile Include="src\WaterSurface.cpp">
      <Filter>Scene</Filter>
    </ClCompile>
    <ClCompile Include="src\ShaderManager.cpp">
      <Filter>Core</Filter>
    </ClCompile>
    <ClCompile Include="src\Tree1.cpp">
      <Filter>Scene\Vegetation</Filter>
    </ClCompile>
    <ClCompile Include="src\Fog.cpp">
      <Filter>Scene\Atmosphere</Filter>
    </ClCompile>
    <ClCompile Include="src\Light.cpp">
      <Filter>Scene\Atmosphere</Filter>
    </ClCompile>
    <ClCompile Include="src\SkyBox.cpp">
      <Filter>Scene\Atmosphere</Filter>
    </ClCompile>
    <ClCompile Include="src\GodRays.cpp">
      <Filter>Scene\Atmosphere</Filter>
    </ClCompile>
    <ClCompile Include="src\Tree2.cpp">
      <Filter>Scene\Vegetation</Filter>
    </ClCompile>
    <ClCompile Include="src\LODmodel.cpp">
      <Filter>Scene</Filter>
    </ClCompile>
  </ItemGroup>
  <ItemGroup>
    <None Include="shaders\terrain\terrain_fs.glsl">
      <Filter>Shaders</Filter>
    </None>
    <None Include="shaders\terrain\terrain_vs.glsl">
      <Filter>Shaders</Filter>
    </None>
    <None Include="shaders\grass\grass_fs.glsl">
      <Filter>Shaders</Filter>
    </None>
    <None Include="shaders\grass\grass_vs.glsl">
      <Filter>Shaders</Filter>
    </None>
    <None Include="shaders\water\water_fs.glsl">
      <Filter>Shaders</Filter>
    </None>
    <None Include="shaders\water\water_vs.glsl">
      <Filter>Shaders</Filter>
    </None>
    <None Include="shaders\tree\tree_fs.glsl">
      <Filter>Shaders</Filter>
    </None>
    <None Include="shaders\tree\tree_vs.glsl">
      <Filter>Shaders</Filter>
    </None>
    <None Include="shaders\godrays\godrays_fs.glsl">
      <Filter>Shaders</Filter>
    </None>
    <None Include="shaders\godrays\godrays_vs.glsl">
      <Filter>Shaders</Filter>
    </None>
    <None Include="shaders\skybox\skybox_fs.glsl">
      <Filter>Shaders</Filter>
    </None>
    <None Include="shaders\skybox\skybox_vs.glsl">
      <Filter>Shaders</Filter>
    </None>
  </ItemGroup>
</Project>